
Microsoft Visual Studio Solution File, Format Version 12.00
# Visual Studio 15
VisualStudioVersion = 15.0.28307.572
MinimumVisualStudioVersion = 10.0.40219.1
Project("{FAE04EC0-301F-11D3-BF4B-00C04F79EFBC}") = "cikisraporhazirlik", "cikisraporhazirlik\cikisraporhazirlik.csproj", "{C9ABAD85-6137-4F98-ABB9-347431011465}"
EndProject
Project("{54435603-DBB4-11D2-8724-00A0C9A8B90C}") = "CikisTakip", "CikisTakip\CikisTakip.vdproj", "{FA237985-8C49-4C24-AA3E-E763B0F30338}"
EndProject
Project("{54435603-DBB4-11D2-8724-00A0C9A8B90C}") = "kurulum", "kurulum\kurulum.vdproj", "{586393EA-6361-4768-AD66-ECA22797543B}"
EndProject
Global
	GlobalSection(SolutionConfigurationPlatforms) = preSolution
		Debug|Any CPU = Debug|Any CPU
		Release|Any CPU = Release|Any CPU
	EndGlobalSection
	GlobalSection(ProjectConfigurationPlatforms) = postSolution
		{C9ABAD85-6137-4F98-ABB9-347431011465}.Debug|Any CPU.ActiveCfg = Debug|Any CPU
		{C9ABAD85-6137-4F98-ABB9-347431011465}.Debug|Any CPU.Build.0 = Debug|Any CPU
		{C9ABAD85-6137-4F98-ABB9-347431011465}.Release|Any CPU.ActiveCfg = Release|Any CPU
		{C9ABAD85-6137-4F98-ABB9-347431011465}.Release|Any CPU.Build.0 = Release|Any CPU
		{FA237985-8C49-4C24-AA3E-E763B0F30338}.Debug|Any CPU.ActiveCfg = Debug
		{FA237985-8C49-4C24-AA3E-E763B0F30338}.Release|Any CPU.ActiveCfg = Release
		{586393EA-6361-4768-AD66-ECA22797543B}.Debug|Any CPU.ActiveCfg = Debug
		{586393EA-6361-4768-AD66-ECA22797543B}.Release|Any CPU.ActiveCfg = Release
	EndGlobalSection
	GlobalSection(SolutionProperties) = preSolution
		HideSolutionNode = FALSE
	EndGlobalSection
	GlobalSection(ExtensibilityGlobals) = postSolution
		SolutionGuid = {88B07AC0-9E28-4814-925E-B29DBD8544A0}
	EndGlobalSection
EndGlobal
